
Microsoft Visual Studio Solution File, Format Version 12.00
# Visual Studio Version 16
VisualStudioVersion = 16.0.30204.135
MinimumVisualStudioVersion = 10.0.40219.1
Project("{FAE04EC0-301F-11D3-BF4B-00C04F79EFBC}") = "SimpleTVMapper", "SimpleTVMapper\SimpleTVMapper.csproj", "{DFC527FF-BCB2-4EBD-8B3C-E4469D19FBA2}"
EndProject
Project("{54435603-DBB4-11D2-8724-00A0C9A8B90C}") = "Setup", "SimpleTVMapperSetup\Setup\Setup.vdproj", "{B41ADEC2-F6DA-491E-A1AF-168526DB1160}"
EndProject
Global
	GlobalSection(SolutionConfigurationPlatforms) = preSolution
		Debug|Any CPU = Debug|Any CPU
		Release|Any CPU = Release|Any CPU
	EndGlobalSection
	GlobalSection(ProjectConfigurationPlatforms) = postSolution
		{DFC527FF-BCB2-4EBD-8B3C-E4469D19FBA2}.Debug|Any CPU.ActiveCfg = Debug|Any CPU
		{DFC527FF-BCB2-4EBD-8B3C-E4469D19FBA2}.Debug|Any CPU.Build.0 = Debug|Any CPU
		{DFC527FF-BCB2-4EBD-8B3C-E4469D19FBA2}.Release|Any CPU.ActiveCfg = Release|Any CPU
		{DFC527FF-BCB2-4EBD-8B3C-E4469D19FBA2}.Release|Any CPU.Build.0 = Release|Any CPU
		{B41ADEC2-F6DA-491E-A1AF-168526DB1160}.Debug|Any CPU.ActiveCfg = Debug
		{B41ADEC2-F6DA-491E-A1AF-168526DB1160}.Release|Any CPU.ActiveCfg = Release
	EndGlobalSection
	GlobalSection(SolutionProperties) = preSolution
		HideSolutionNode = FALSE
	EndGlobalSection
	GlobalSection(ExtensibilityGlobals) = postSolution
		SolutionGuid = {2C0B23F9-FBE6-476D-8CBB-86F80F9D7CD5}
	EndGlobalSection
EndGlobal
